
Microsoft Visual Studio Solution File, Format Version 12.00
# Visual Studio Version 17
VisualStudioVersion = 17.13.35825.156 d17.13
MinimumVisualStudioVersion = 10.0.40219.1
Project("{FAE04EC0-301F-11D3-BF4B-00C04F79EFBC}") = "Final_Prj", "Final_Prj.csproj", "{37C5541A-9235-421A-808F-364DD231A33C}"
EndProject
Global
	GlobalSection(SolutionConfigurationPlatforms) = preSolution
		Debug|Any CPU = Debug|Any CPU
		Release|Any CPU = Release|Any CPU
	EndGlobalSection
	GlobalSection(ProjectConfigurationPlatforms) = postSolution
		{37C5541A-9235-421A-808F-364DD231A33C}.Debug|Any CPU.ActiveCfg = Debug|Any CPU
		{37C5541A-9235-421A-808F-364DD231A33C}.Debug|Any CPU.Build.0 = Debug|Any CPU
		{37C5541A-9235-421A-808F-364DD231A33C}.Release|Any CPU.ActiveCfg = Release|Any CPU
		{37C5541A-9235-421A-808F-364DD231A33C}.Release|Any CPU.Build.0 = Release|Any CPU
	EndGlobalSection
	GlobalSection(SolutionProperties) = preSolution
		HideSolutionNode = FALSE
	EndGlobalSection
	GlobalSection(ExtensibilityGlobals) = postSolution
		SolutionGuid = {A65484D0-7D36-4903-A37E-2927CB4FC442}
	EndGlobalSection
EndGlobal
